
Microsoft Visual Studio Solution File, Format Version 12.00
# Visual Studio Version 17
VisualStudioVersion = 17.5.33516.290
MinimumVisualStudioVersion = 10.0.40219.1
Project("{FAE04EC0-301F-11D3-BF4B-00C04F79EFBC}") = "MiniProject_new", "MiniProject_new.csproj", "{9521A8A9-22A3-4BC9-BA5E-C066B9A7CC58}"
EndProject
Global
	GlobalSection(SolutionConfigurationPlatforms) = preSolution
		Debug|Any CPU = Debug|Any CPU
		Release|Any CPU = Release|Any CPU
	EndGlobalSection
	GlobalSection(ProjectConfigurationPlatforms) = postSolution
		{9521A8A9-22A3-4BC9-BA5E-C066B9A7CC58}.Debug|Any CPU.ActiveCfg = Debug|Any CPU
		{9521A8A9-22A3-4BC9-BA5E-C066B9A7CC58}.Debug|Any CPU.Build.0 = Debug|Any CPU
		{9521A8A9-22A3-4BC9-BA5E-C066B9A7CC58}.Release|Any CPU.ActiveCfg = Release|Any CPU
		{9521A8A9-22A3-4BC9-BA5E-C066B9A7CC58}.Release|Any CPU.Build.0 = Release|Any CPU
	EndGlobalSection
	GlobalSection(SolutionProperties) = preSolution
		HideSolutionNode = FALSE
	EndGlobalSection
	GlobalSection(ExtensibilityGlobals) = postSolution
		SolutionGuid = {051F4BD7-AD4D-4FCB-B5E9-EA9DB57DC817}
	EndGlobalSection
EndGlobal
